{
  "version": 4,
  "terraform_version": "1.12.1",
  "serial": 211,
  "lineage": "ce21f9aa-e276-9291-b8d6-ffa8d97c54ec",
  "outputs": {
    "azurerm_linux_virtual_machine_ip_address": {
      "value": "20.98.83.26",
      "type": "string"
    }
  },
  "resources": [
    {
      "mode": "managed",
      "type": "azurerm_kubernetes_cluster",
      "name": "aks",
      "provider": "provider[\"registry.terraform.io/hashicorp/azurerm\"]",
      "instances": [
        {
          "schema_version": 2,
          "attributes": {
            "aci_connector_linux": [],
            "ai_toolchain_operator_enabled": false,
            "api_server_access_profile": [],
            "auto_scaler_profile": [],
            "automatic_upgrade_channel": "",
            "azure_active_directory_role_based_access_control": [],
            "azure_policy_enabled": false,
            "bootstrap_profile": [
              {
                "artifact_source": "Direct",
                "container_registry_id": ""
              }
            ],
            "confidential_computing": [],
            "cost_analysis_enabled": false,
            "current_kubernetes_version": "1.34.4",
            "custom_ca_trust_certificates_base64": [],
            "default_node_pool": [
              {
                "auto_scaling_enabled": false,
                "capacity_reservation_group_id": "",
                "fips_enabled": false,
                "gpu_driver": "",
                "gpu_instance": "",
                "host_encryption_enabled": false,
                "host_group_id": "",
                "kubelet_config": [],
                "kubelet_disk_type": "OS",
                "linux_os_config": [],
                "max_count": 0,
                "max_pods": 30,
                "min_count": 0,
                "name": "system",
                "node_count": 1,
                "node_labels": {},
                "node_network_profile": [],
                "node_public_ip_enabled": false,
                "node_public_ip_prefix_id": "",
                "only_critical_addons_enabled": false,
                "orchestrator_version": "1.34",
                "os_disk_size_gb": 128,
                "os_disk_type": "Managed",
                "os_sku": "Ubuntu",
                "pod_subnet_id": "",
                "proximity_placement_group_id": "",
                "scale_down_mode": "Delete",
                "snapshot_id": "",
                "tags": {},
                "temporary_name_for_rotation": "",
                "type": "VirtualMachineScaleSets",
                "ultra_ssd_enabled": false,
                "upgrade_settings": [
                  {
                    "drain_timeout_in_minutes": 0,
                    "max_surge": "10%",
                    "node_soak_duration_in_minutes": 0,
                    "undrainable_node_behavior": ""
                  }
                ],
                "vm_size": "Standard_E2s_v3",
                "vnet_subnet_id": "",
                "workload_runtime": "",
                "zones": []
              }
            ],
            "disk_encryption_set_id": "",
            "dns_prefix": "aksprod",
            "dns_prefix_private_cluster": "",
            "edge_zone": "",
            "fqdn": "aksprod-tbneeu8q.hcp.westus2.azmk8s.io",
            "http_application_routing_enabled": false,
            "http_application_routing_zone_name": "",
            "http_proxy_config": [],
            "id": "/subscriptions/984fba01-ff04-4ed7-a603-7885d537400f/resourceGroups/mtc-resources/providers/Microsoft.ContainerService/managedClusters/aks-prod",
            "identity": [
              {
                "identity_ids": [],
                "principal_id": "10596715-6877-49e0-864d-9228c663a122",
                "tenant_id": "a50da50f-fa13-49ce-8a1b-cb5556ac6cf5",
                "type": "SystemAssigned"
              }
            ],
            "image_cleaner_enabled": null,
            "image_cleaner_interval_hours": null,
            "ingress_application_gateway": [],
            "key_management_service": [],
            "key_vault_secrets_provider": [],
            "kube_admin_config": [],
            "kube_admin_config_raw": "",
            "kube_config": [
              {
                "client_certificate": "LS0tLS1CRUdJTiBDRVJUSUZJQ0FURS0tLS0tCk1JSUZIVENDQXdXZ0F3SUJBZ0lRRGhBQWFiWFprVGhjeXVlZUxIbUk4VEFOQmdrcWhraUc5dzBCQVFzRkFEQU4KTVFzd0NRWURWUVFERXdKallUQWVGdzB5TmpBME1EUXdNakEwTUROYUZ3MHlPREEwTURRd01qRTBNRE5hTURBeApGekFWQmdOVkJBb1REbk41YzNSbGJUcHRZWE4wWlhKek1SVXdFd1lEVlFRREV3eHRZWE4wWlhKamJHbGxiblF3CmdnSWlNQTBHQ1NxR1NJYjNEUUVCQVFVQUE0SUNEd0F3Z2dJS0FvSUNBUURjeDE4L3NGMk9ZVEcxYVY2YmhONlcKbktDZFZIMjVPaExLNGdVZlJhcVlpbmNkc0tnMjBVc2w4NnFDTVJSbDhEZjJiVmZZTjkvbGpEcllNN1BNeXNmMAp1ZUwzZDlZYjZsMmMyRWRQZ3JqMG4wd0ZmSUkraW9uZlNsYkhDM1V3bnRtQ3dFNDFMUkxIeWNUU1pUR1h5S0hHCjMrYjlFU3hNV2dTZ1lKbEJFTTY1bGtKeWpKUTU3RGcyS3BpMityQkRiV0pBMHphUWpmb3RWVHRudkVDS0hGVjcKZldlVktRVWNqRXRSSTRNWURyUlloUkxKekdlNnE4eGhhbEJkVkNSTk5KZ0s5K09jOEkwckd5c0piTitBRUg3ZQplL29KOHh6LzgxOFl4bXhnU0Fvbm5lM0FYK1VseExGbWtpS25ZRkNnMyt2aXJHTE1yUjJSMVd3UU5oa0dLNG9ZCm9naFZjMzkyRmFFTFN4VFl0N1RKdmxPZ3J6cVN1blU2ZktmSGpENG1nSTY2UEhuMHBNQ0pzKzllN1AzMjVtb0gKL2FjeXZZTXYvUFNjVEc0RW9HaDBXdDdwTHRTZUVPQ1FRTlgrc2RXVUp4RkJsUHNmSW93K3NSMjhTUkJnOEUzSAp3dTZhNGd1WVFTb2NZQUJId0hsQnRPZklwbkQ3WmFWN3kzLzVEL1hlTXhWamx2c2ZSS1RKMGYvN0pERnd0djE4Cm14UW13ektxRjYrandzUTVpM2htelpoMXlNd3kvTGpkeXhocG9lVTc5bDhvc0xQTlBTeEE1SVRnUnNSdGYrMlQKTmZmSXVpUGdvc1RMSlFlVTFKK1VYemRPcWRTM0ZDV282VHhsTWd0VWIzc3M4NWtGN0VxT3ZJMEJDTmhlTUM3Vgp5TEFmNXM3TENvYWlJNnMzays4ZFZ3SURBUUFCbzFZd1ZEQU9CZ05WSFE4QkFmOEVCQU1DQmFBd0V3WURWUjBsCkJBd3dDZ1lJS3dZQkJRVUhBd0l3REFZRFZSMFRBUUgvQkFJd0FEQWZCZ05WSFNNRUdEQVdnQlFTblZxYktiM0IKaFIwRlBHMXlua1F3N1JFQlFUQU5CZ2txaGtpRzl3MEJBUXNGQUFPQ0FnRUFzOW9QeXlnTTc0N2poOGt0NGFmSwpxU0pwNlRPaTRBZVhzdkcxU25MR24vY1ZXLzhFQ3oxOHp4Q2VyTkhGZDUvODZORk1KN1BuamFiVm80ZUZjYy9ZCjducHpUYzlLMSs0Vmg0NlFkT2o2bExzNWx1Nnphdkd6WnNiQWJQLzVHVmlaOGQyNVI0dzZVMEVmRGlCb0JWajkKbzA1c3ZIMHJISXdrTjg3dU9raEtFeG1xVlVSSU5rUHNra3VjZ2ZjQlNRQy8vM25JQ1p6OWRSYVo4ZG4rdU1wawprb2M3NG8rdmdGclgwb25YZ0xRTTlTV1l6aVgwL1YxYjFwRVlPOVJwQWtLK0w4RmJ6SFJMMW94QXo5NnRvN1dDCkw0OThLeEFBK0QxT0QyTThLcDVoa09qTHBhOEZ5TU03NjZnK0E0UDh6VWxwVlVVMC9JMnZscjQyVkRsTzhEVkYKOGFoQjhVL2diNlRybVFSK3Z1ZzM3SStldzdBbDFNSnpWajVDWkUxNHpydU1URW82UHJyMWcrK3ZVTVNUb2dLMQpFdXlzRkg4dDB6YlJtQUZ3YUVKd1h3dHNmaG8ySkREUkdnemFsUGJkb3hEZXJGMkxvU212d0c0YndWUHNlZ2s1ClhNTFZPRmlwMUZhdjkyTWNBYUlRQTQ0M1NuQkdTbWZtWkJJaGxqckJGdEZTZkRINTJPWWNIU0V5UEJUWm9hWXkKL25qMSszZWs1NFdoRDRRelM3UG1HZUlIRVBFZWl1eXJXNUpSS2E5YWhTUGdxdC83QlNIcjFZRXNBb2tRQXpUagpYQlNRb3NQWGwvaGF1N3VDOWxBelVFM1RNNVJRRU9abjc4YlhMQUNGNEJGR2FZS1Z3bWJmQXkzVHQwYUhIdXFoCkpiUElTWW9YRk9QZzR2ZHlIZUlESXRBPQotLS0tLUVORCBDRVJUSUZJQ0FURS0tLS0tCg==",
                "client_key": "LS0tLS1CRUdJTiBSU0EgUFJJVkFURSBLRVktLS0tLQpNSUlKS1FJQkFBS0NBZ0VBM01kZlA3QmRqbUV4dFdsZW00VGVscHlnblZSOXVUb1N5dUlGSDBXcW1JcDNIYkNvCk50RkxKZk9xZ2pFVVpmQTM5bTFYMkRmZjVZdzYyRE96ek1ySDlMbmk5M2ZXRytwZG5OaEhUNEs0OUo5TUJYeUMKUG9xSjMwcFd4d3QxTUo3WmdzQk9OUzBTeDhuRTBtVXhsOGloeHQvbS9SRXNURm9Fb0dDWlFSRE91WlpDY295VQpPZXc0TmlxWXR2cXdRMjFpUU5NMmtJMzZMVlU3Wjd4QWloeFZlMzFubFNrRkhJeExVU09ER0E2MFdJVVN5Y3huCnVxdk1ZV3BRWFZRa1RUU1lDdmZqblBDTkt4c3JDV3pmZ0JCKzNudjZDZk1jLy9OZkdNWnNZRWdLSjUzdHdGL2wKSmNTeFpwSWlwMkJRb04vcjRxeGl6SzBka2RWc0VEWVpCaXVLR0tJSVZYTi9kaFdoQzBzVTJMZTB5YjVUb0s4NgprcnAxT255bng0dytKb0NPdWp4NTlLVEFpYlB2WHV6OTl1WnFCLzJuTXIyREwvejBuRXh1QktCb2RGcmU2UzdVCm5oRGdrRURWL3JIVmxDY1JRWlQ3SHlLTVByRWR2RWtRWVBCTng4THVtdUlMbUVFcUhHQUFSOEI1UWJUbnlLWncKKzJXbGU4dC8rUS8xM2pNVlk1YjdIMFNreWRILyt5UXhjTGI5ZkpzVUpzTXlxaGV2bzhMRU9ZdDRaczJZZGNqTQpNdnk0M2NzWWFhSGxPL1pmS0xDenpUMHNRT1NFNEViRWJYL3RrelgzeUxvajRLTEV5eVVIbE5TZmxGODNUcW5VCnR4UWxxT2s4WlRJTFZHOTdMUE9aQmV4S2pyeU5BUWpZWGpBdTFjaXdIK2JPeXdxR29pT3JONVB2SFZjQ0F3RUEKQVFLQ0FnQkZDdmhuZzNFT2lLaXg4ZHpMUjljUVJMVVozb1ZldXFHTDN2ajVHYUZMQ09wTlY2U1RXQXBuT1BkVwp0YUNLYklBanlYZ1NQdzcreTBiUHZBTjdoT0xaVHBTRERXL2cxUDhuZ0o5MFp3NE9PZzdkSEYzaXp4Smt5T3V3ClhZM3RnWS9HQ3Z1cU40bEsvM2RVMEo2Y3QvcVhwZ2VubG9wQzZsZk9DOGVCaUk4TmpNY0U2WitsS1pFK3B6MlEKNDM3aDUwQTF3NWVweHl5NHBwSG9VLy9lOFJOdWhmNHhzRjFQMnpQbWtQTjdQNFg0dE16MlhMMEhySmhDMHF1RgpORDRTQXVPVmNvWTAyeWxhbEtsMXpoMXJBRDJjdUNxdWw5KzJ6MVlxK2txRUphTS9WbTAybndhYk5CTENYK3NFCmF1TnNHL3E1clcxTVVzc1BneTNET0JmRlRUSm5BdnI1MlIwOFFVaFl1ZTl1QmEwazZGQVJSVno2a2JxWVVGeFUKUEdaZERnbU0ya05SajNWYU81eGdnRGxrWGJCRlNsTDNCZEFvVHJBNGo2N0haSGhVNm9qQi9ra1ZZME1IQmNjMgpRNHAzKzErNVpqOHl4Z05OSms1NjRRemMrWkU4YVgxV09lcXFrTlRtemZtWjNzYWh3aFNwa1I1Qjd2VzhSUG95ClNKYW1yeEplM25PUEpoR2xjQ245NFJsOWIyRmlpVGcxUkh5ZFFXTW1iR295Ym5DR0JrM1lQUjFnZ2xQMWJ6RHYKQzhBRHFjWjJ5a2ZoNDE3aUJOemFqNlR0aWJGQzJ0d3dZSHpqL0R5NEhVbFQzNWZWSjBaRzdGZ1Z2aU1jak5Ydgo0SVdaUmdDUWdtRzVUNFBZZzR3YmxWa1NsVy9zQjVDVHRrb3Z1UUFCeWZPS0kySlhBUUtDQVFFQTduREQ3cFhjCllLTGVFNW95b0xTcForTDRlOUNjZVZ0akEzMmxWWmozdmJ1TUFXQlQwdDdWRkhCVE93T1ZkUGt6M3FsYUswSUUKQWVyQ29GVno1bmNCSENTZlYrZ2ZSbFkwdHB6Mk9xZXlQc1lhcTFpaUtkTXV2Tmw4Ti9SMXNsdmdNemplbHNDaQpCWHVnUmFpckQwUGNWMU1ISmwzelNISUU3MmI2QUpzOUF6a1I5N25vK29vRytYRk1FcHZHMEhPK3FiUExObDhBCnh4aWRPWVRpd1ZUUHJQbk1qeUlLY1NkUVZNdW1mZTJTSXF2YnkrRnIwdHEyWWI0dXdrbksrRGVhSWUzbEEvZVAKUkhUd1pJWmJaTzUvMFdqUEFyZWIrUDIyQXdmLzFub0xQdXM3S2o4bk5sWUppMm9ESnk1TGM2MVRjMGxUOTdYSApoL2x0WUNzMTBObjFnUUtDQVFFQTdRbWpGSWdCT1lhYUFpMitQdTZCeGVpakNXZHdpeHR3b3YwSXdxOW9NRi9uClpjZDZZMmF6RXhxZUt2MmlKUTBkU1BoYnNNZXIrZTdFV2dCNE5DVUZJODB1TlpEbmFRVHFET3lUZDRIZ2ZFT00KUTRZZkJuWS9LWGhDaFZvbDVNVW1helBJeFBGTDV0Tk13NXo1eUNYalhVYXEzcDZxa1Q3RUFjQnlCMGtteXVWNQpzZWtrNGNJdW9jRXZEN0dpOGR0bFROelNwM2lrempyNFp1UExwV1E1aGV3VnhYRXVDRWlyNDFDK2IzWWRtRVJ2CjN4U0JScndsUnBKamtZQTZmNkc3SDBSeGt3SU9MYk9EdlpuMFNiWHhRT0h4eGlEZFV0UmdYcVhhbW9QMThYS3kKYndCMjI5enBocXFRMTluUVowL2RXUzIvV0VqUTZENDBRSWVEUktUdTF3S0NBUUVBbnRlNmZ4ZVFuMFFBbzVobQp2ODU2eUgxWXdjc0FZb3d4MHVLQ0lScnRkNVVZT05aK0lRMVhiKzFBVlNFWEVMenZCQmRYdlZlV0tkekYyVi96Ci9RVXNWUjVFbEtCTExXVkNhcUQ0RzYwWnZsM2s2Rjc4Y05hQjNVY1pUSUZyWXUxMzEwZThhVHRjOUVBZVRpbUcKQTM1V3JFbmdpbnV1RllYM3FiQzFQWEF0WGhkSDAvc2lyTDBFMW1uV250THR5SEpEQXZTR25Pci9McU5FSWt4WApieW5ieThVQnRCeWVUakU5ZjYvSGN6NnZ5cThvbHBMT2JNSk5HNkpCcmliUXN6ai9VamtVQnVlRnByb3NaeHRtCmlUK2xJTkVzandmWVBUQnZiMmVGMU5DcTZ6aHp5cm9WbWtvSXc3cFU3V1lXMTdJUTFNMTF4YUJ3a3pIajNsd0sKMXQ1TWdRS0NBUUVBeGNtZHozcnc4cXhUQS9CaFo2ZWlsNTVYdEhnZ202S0k2U2VVVU1jR2ZCNzZPWjRxakpqYwpZZHQ3RVVwVUt2QjNlRFRzWldVbkprVEtpSU1OeWd6OTdmSytWU29WUGpkQWlRbzZ2cVNieVhTZnJKUlVmUkxiCi8yRit1RUVSajRQR1cvdDQwb1M1bmVEQWxCVC9BN2hCc01wUHQ3VFRoS0RIOHVJL0E3OVJaRW40c3JCayt4QUoKMHlVY2ZNN3Z0VG9wbStwQ3lFVk4xMXV6ZkQ4bDVWcnMrTWVYSHdvaXEvemZtS3orU29sWGhuL01qV3RSdDlFMApsVjkvUDZDc3IyVW5lNTZqMmxRRHVyU28vK05meU1YTmlpTStsK0ZDYkdRVUNjWUEwNSs2Ny82Unp6ZW05aXl1Cm01VGxpWWNSYzdOYmNwZE9xMzhPK2tzMVZJYit6SitIUHdLQ0FRQndienJwQUFZYnUzdzRVbXo2eDdQRE9SMFYKVmNpcFpaVlhtSUZpOWlDSVovSHY1b3JRU2JKRUt0aGdqWVFRUWNMMXBTNStEUjMwb0RQQmJ5TkgxQk56N1g3cAprN3lnWDQ4eGIzMUwyWW9ldGJiUyswcDQwd2pGaUpqS1dkTlpRTTFjdGp2dzRkNmNISDJORjEvMkc5MWh2SlVQCm9WSzd2Q1JBR25xV0VDMGV0eEpHYzVURld3VVB5Ym5PWE5xU3BFV0d0SjFJcVdMbk9qVUt6Rk13V0U5RnRBcFgKMHlKbXd4TEhEZ0xvU3FPdmJRc3doa25ZclltZFJweTI4QmJSN2ZLdHlWZTZ0ZDluUkVnejUwVk9OM2JZa1Q1MAowUlNOdTNOTndoY3JQaDYvS2JQMzJFOXB6MVNON0RtWjlSck9CQnJPUStyNGEyUkJkVWZsbGNPbFZCc04KLS0tLS1FTkQgUlNBIFBSSVZBVEUgS0VZLS0tLS0K",
                "cluster_ca_certificate": "LS0tLS1CRUdJTiBDRVJUSUZJQ0FURS0tLS0tCk1JSUU2VENDQXRHZ0F3SUJBZ0lSQUpLVWRIRkU4MThobkhtRG1FM1ZUdE13RFFZSktvWklodmNOQVFFTEJRQXcKRFRFTE1Ba0dBMVVFQXhNQ1kyRXdJQmNOTWpZd05EQTBNREl3TkRBeldoZ1BNakExTmpBME1EUXdNakUwTUROYQpNQTB4Q3pBSkJnTlZCQU1UQW1OaE1JSUNJakFOQmdrcWhraUc5dzBCQVFFRkFBT0NBZzhBTUlJQ0NnS0NBZ0VBCnR1WUppYUp2SGQyUzQvbEhXd0dFdktuNGZHVjluRUxXVEI2ajUzNzBweVBlOXNjOVJIU0N3aWlTNjhqb3QrRTMKQUp0ajZFV2xoYjV0UzliN3BEZUxEZVVsQmtJWlR5eVNjZmNoNW9FT2lBOFFVQTFiSDB3MGN3Q0RTUHhYMFJvRQpoU1BjaGJCUlQzM3JNY3RHQXBoODdFSnFVY1pUTm4wZk92YjJMOG9JMGVpUER0RFdNRzRrSzBqeDVNRkl1SjFTClM5ekl1a3hxUWt0MzQrRUpsUFBYOEREUmwvQmFrUnFCc1JTTFVaOTMzdGNkblg1eTk1b1FwQUxNNGVzQ08vRzMKM0ppb1B4bHdOOGhRWmlaUXI1a0JHTmtCSVUxTGl6VVpMT3FIRnZ5Qkd2Umd0OENFcVltLy9QOEh3akdXOXRaMgpWb1BUdUMrem1JTC8velE3QnlMMllET0p5ckZJVCtWN3pLazM4TktqU2trcFlycG9xck51cWIyU2NPbHJSNm5wCkVGMWtQSlRZd2xicGlhMkdRZ3hiZ0p3ekxmdGl5RmRaL0VZa1ZrY0xRMkUvQ09qSzZzZ2VyL0g3OTh3UVNlUEEKSE9YR0pLNzJPSzh6MDdKMksxNDE5c1kxdVBHd2d1ak5Xdm0xdzNnVHhZTCs3eFBQMUFvOHRsKzlCTE1rMUxmcwpoOFU4UENxQUZ4dXB5ZjRUYzRQNlVYc0hUU1NyWFkyNkNUVGM3a0xoemE2bHgrV2grcmc4cVk4bUphR2dFNHFFCit0UCtFNDJYL1c5VHZoOCt2VDNrR1JHRXl4YU11Q1hnUWk5NS9EUjFLS3JBNVpvdFpBMXBoVzdmT0NpeTdSMFgKLzJ5QU1jYnFDNDZ4S0o5a2JmYXAzRHNPTkhCRkh3S0RPcEVvTUdSSldsOENBd0VBQWFOQ01FQXdEZ1lEVlIwUApBUUgvQkFRREFnS2tNQThHQTFVZEV3RUIvd1FGTUFNQkFmOHdIUVlEVlIwT0JCWUVGQktkV3BzcHZjR0ZIUVU4CmJYS2VSRER0RVFGQk1BMEdDU3FHU0liM0RRRUJDd1VBQTRJQ0FRQTdTcytsQjdOOWU2YndCUjMrN0ErQmVpbDMKMkhXbllOem5OM2NiYVhjN21LcitzK0U3cWpudFZ6ZUJrb1MyTm8vdEJDZG94ZUx0ZVEzcTBxN2ZqUEJMUXpaUQpoOHpJS3c2Y25pZzBtKzN2UzM5VU5ER1pQZ1pYdER1dGYwcUxkOEtIS2NzL0k2R2svdmtsM0p2dmt5SW9jYmNwCndOSSs5TitFeVJqTVFlbGVUZlI2SGJvaktGK0FsajE3NGZGeWZFbzlKYjd3cWpiZWZkMWtMaDlJc3dVM3dmRksKeEJERStMYTUzWFQwNTZVaVlESXdoMDN5bTducnRzRDNSVFl5WVJEQmJYVXJLNjY0UFpQUlBycVJpdHRVdFlYUgpYTThjU3NtRGFCRGpHdHY3dkVaSVNaZU9XMU9oZGVUMnpqQ3FQWmN3Tm5BMEdzY2xlU2xqUGRkc0pIcFBFWW9lCldhREN2TjdSUTZjS0FxQWkyaEtZalp1dXBFYW9TQjJyTmVVY2FKb2NRMkw0dzlTS0xFUCtEYWd2UWpQWjFydUoKZjhJcXpDUUt5Nlh1eXAzMlhJWFlRdGVzcmRjeEZBMUQ5bkhLNDcwR0VQSldKQ2RZemo4NWZKOE5GRFJiVlJzRApEbG1xOXo3ZVVvRElzTWZrM25PMG8wZXVMUTdUYUx5MFBwM3J6dTBtc1F4SmZFaTNXQUxaVW1nZk1VTnh2Sit4Cnl6Q3VHSmRjTDJqOTNWaFpEQVRQWEx3Rkw4c0tBQ3AyMlI3c0xDU2FLaVF2S3JMcnZ5N0hqSTJNZ0ZONlNiZk0KblA1ejJCT0VzbHltdE9Sbk0vOTE2MEdzU0t3RTZmS281U29OTDB4dWpLS0NSd0NKdHRjLzhGbEw3ZkpyVWtLMwo1Vm51VlpPeTMrQktqZ3hOMFE9PQotLS0tLUVORCBDRVJUSUZJQ0FURS0tLS0tCg==",
                "host": "https://aksprod-tbneeu8q.hcp.westus2.azmk8s.io:443",
                "password": "ej6v5k944tkv42ztkc29rg8ds17ynb4id57ti62ijvop7t96qsv8o9fuqpw81c241656zgvo54pncti5vt1gfng1p1oz8w2b5asbwfheal92xfngsayjs7ebliu41qjh",
                "username": "clusterUser_mtc-resources_aks-prod"
              }
            ],
            "kube_config_raw": "apiVersion: v1\nclusters:\n- cluster:\n    certificate-authority-data: LS0tLS1CRUdJTiBDRVJUSUZJQ0FURS0tLS0tCk1JSUU2VENDQXRHZ0F3SUJBZ0lSQUpLVWRIRkU4MThobkhtRG1FM1ZUdE13RFFZSktvWklodmNOQVFFTEJRQXcKRFRFTE1Ba0dBMVVFQXhNQ1kyRXdJQmNOTWpZd05EQTBNREl3TkRBeldoZ1BNakExTmpBME1EUXdNakUwTUROYQpNQTB4Q3pBSkJnTlZCQU1UQW1OaE1JSUNJakFOQmdrcWhraUc5dzBCQVFFRkFBT0NBZzhBTUlJQ0NnS0NBZ0VBCnR1WUppYUp2SGQyUzQvbEhXd0dFdktuNGZHVjluRUxXVEI2ajUzNzBweVBlOXNjOVJIU0N3aWlTNjhqb3QrRTMKQUp0ajZFV2xoYjV0UzliN3BEZUxEZVVsQmtJWlR5eVNjZmNoNW9FT2lBOFFVQTFiSDB3MGN3Q0RTUHhYMFJvRQpoU1BjaGJCUlQzM3JNY3RHQXBoODdFSnFVY1pUTm4wZk92YjJMOG9JMGVpUER0RFdNRzRrSzBqeDVNRkl1SjFTClM5ekl1a3hxUWt0MzQrRUpsUFBYOEREUmwvQmFrUnFCc1JTTFVaOTMzdGNkblg1eTk1b1FwQUxNNGVzQ08vRzMKM0ppb1B4bHdOOGhRWmlaUXI1a0JHTmtCSVUxTGl6VVpMT3FIRnZ5Qkd2Umd0OENFcVltLy9QOEh3akdXOXRaMgpWb1BUdUMrem1JTC8velE3QnlMMllET0p5ckZJVCtWN3pLazM4TktqU2trcFlycG9xck51cWIyU2NPbHJSNm5wCkVGMWtQSlRZd2xicGlhMkdRZ3hiZ0p3ekxmdGl5RmRaL0VZa1ZrY0xRMkUvQ09qSzZzZ2VyL0g3OTh3UVNlUEEKSE9YR0pLNzJPSzh6MDdKMksxNDE5c1kxdVBHd2d1ak5Xdm0xdzNnVHhZTCs3eFBQMUFvOHRsKzlCTE1rMUxmcwpoOFU4UENxQUZ4dXB5ZjRUYzRQNlVYc0hUU1NyWFkyNkNUVGM3a0xoemE2bHgrV2grcmc4cVk4bUphR2dFNHFFCit0UCtFNDJYL1c5VHZoOCt2VDNrR1JHRXl4YU11Q1hnUWk5NS9EUjFLS3JBNVpvdFpBMXBoVzdmT0NpeTdSMFgKLzJ5QU1jYnFDNDZ4S0o5a2JmYXAzRHNPTkhCRkh3S0RPcEVvTUdSSldsOENBd0VBQWFOQ01FQXdEZ1lEVlIwUApBUUgvQkFRREFnS2tNQThHQTFVZEV3RUIvd1FGTUFNQkFmOHdIUVlEVlIwT0JCWUVGQktkV3BzcHZjR0ZIUVU4CmJYS2VSRER0RVFGQk1BMEdDU3FHU0liM0RRRUJDd1VBQTRJQ0FRQTdTcytsQjdOOWU2YndCUjMrN0ErQmVpbDMKMkhXbllOem5OM2NiYVhjN21LcitzK0U3cWpudFZ6ZUJrb1MyTm8vdEJDZG94ZUx0ZVEzcTBxN2ZqUEJMUXpaUQpoOHpJS3c2Y25pZzBtKzN2UzM5VU5ER1pQZ1pYdER1dGYwcUxkOEtIS2NzL0k2R2svdmtsM0p2dmt5SW9jYmNwCndOSSs5TitFeVJqTVFlbGVUZlI2SGJvaktGK0FsajE3NGZGeWZFbzlKYjd3cWpiZWZkMWtMaDlJc3dVM3dmRksKeEJERStMYTUzWFQwNTZVaVlESXdoMDN5bTducnRzRDNSVFl5WVJEQmJYVXJLNjY0UFpQUlBycVJpdHRVdFlYUgpYTThjU3NtRGFCRGpHdHY3dkVaSVNaZU9XMU9oZGVUMnpqQ3FQWmN3Tm5BMEdzY2xlU2xqUGRkc0pIcFBFWW9lCldhREN2TjdSUTZjS0FxQWkyaEtZalp1dXBFYW9TQjJyTmVVY2FKb2NRMkw0dzlTS0xFUCtEYWd2UWpQWjFydUoKZjhJcXpDUUt5Nlh1eXAzMlhJWFlRdGVzcmRjeEZBMUQ5bkhLNDcwR0VQSldKQ2RZemo4NWZKOE5GRFJiVlJzRApEbG1xOXo3ZVVvRElzTWZrM25PMG8wZXVMUTdUYUx5MFBwM3J6dTBtc1F4SmZFaTNXQUxaVW1nZk1VTnh2Sit4Cnl6Q3VHSmRjTDJqOTNWaFpEQVRQWEx3Rkw4c0tBQ3AyMlI3c0xDU2FLaVF2S3JMcnZ5N0hqSTJNZ0ZONlNiZk0KblA1ejJCT0VzbHltdE9Sbk0vOTE2MEdzU0t3RTZmS281U29OTDB4dWpLS0NSd0NKdHRjLzhGbEw3ZkpyVWtLMwo1Vm51VlpPeTMrQktqZ3hOMFE9PQotLS0tLUVORCBDRVJUSUZJQ0FURS0tLS0tCg==\n    server: https://aksprod-tbneeu8q.hcp.westus2.azmk8s.io:443\n  name: aks-prod\ncontexts:\n- context:\n    cluster: aks-prod\n    user: clusterUser_mtc-resources_aks-prod\n  name: aks-prod\ncurrent-context: aks-prod\nkind: Config\nusers:\n- name: clusterUser_mtc-resources_aks-prod\n  user:\n    client-certificate-data: LS0tLS1CRUdJTiBDRVJUSUZJQ0FURS0tLS0tCk1JSUZIVENDQXdXZ0F3SUJBZ0lRRGhBQWFiWFprVGhjeXVlZUxIbUk4VEFOQmdrcWhraUc5dzBCQVFzRkFEQU4KTVFzd0NRWURWUVFERXdKallUQWVGdzB5TmpBME1EUXdNakEwTUROYUZ3MHlPREEwTURRd01qRTBNRE5hTURBeApGekFWQmdOVkJBb1REbk41YzNSbGJUcHRZWE4wWlhKek1SVXdFd1lEVlFRREV3eHRZWE4wWlhKamJHbGxiblF3CmdnSWlNQTBHQ1NxR1NJYjNEUUVCQVFVQUE0SUNEd0F3Z2dJS0FvSUNBUURjeDE4L3NGMk9ZVEcxYVY2YmhONlcKbktDZFZIMjVPaExLNGdVZlJhcVlpbmNkc0tnMjBVc2w4NnFDTVJSbDhEZjJiVmZZTjkvbGpEcllNN1BNeXNmMAp1ZUwzZDlZYjZsMmMyRWRQZ3JqMG4wd0ZmSUkraW9uZlNsYkhDM1V3bnRtQ3dFNDFMUkxIeWNUU1pUR1h5S0hHCjMrYjlFU3hNV2dTZ1lKbEJFTTY1bGtKeWpKUTU3RGcyS3BpMityQkRiV0pBMHphUWpmb3RWVHRudkVDS0hGVjcKZldlVktRVWNqRXRSSTRNWURyUlloUkxKekdlNnE4eGhhbEJkVkNSTk5KZ0s5K09jOEkwckd5c0piTitBRUg3ZQplL29KOHh6LzgxOFl4bXhnU0Fvbm5lM0FYK1VseExGbWtpS25ZRkNnMyt2aXJHTE1yUjJSMVd3UU5oa0dLNG9ZCm9naFZjMzkyRmFFTFN4VFl0N1RKdmxPZ3J6cVN1blU2ZktmSGpENG1nSTY2UEhuMHBNQ0pzKzllN1AzMjVtb0gKL2FjeXZZTXYvUFNjVEc0RW9HaDBXdDdwTHRTZUVPQ1FRTlgrc2RXVUp4RkJsUHNmSW93K3NSMjhTUkJnOEUzSAp3dTZhNGd1WVFTb2NZQUJId0hsQnRPZklwbkQ3WmFWN3kzLzVEL1hlTXhWamx2c2ZSS1RKMGYvN0pERnd0djE4Cm14UW13ektxRjYrandzUTVpM2htelpoMXlNd3kvTGpkeXhocG9lVTc5bDhvc0xQTlBTeEE1SVRnUnNSdGYrMlQKTmZmSXVpUGdvc1RMSlFlVTFKK1VYemRPcWRTM0ZDV282VHhsTWd0VWIzc3M4NWtGN0VxT3ZJMEJDTmhlTUM3Vgp5TEFmNXM3TENvYWlJNnMzays4ZFZ3SURBUUFCbzFZd1ZEQU9CZ05WSFE4QkFmOEVCQU1DQmFBd0V3WURWUjBsCkJBd3dDZ1lJS3dZQkJRVUhBd0l3REFZRFZSMFRBUUgvQkFJd0FEQWZCZ05WSFNNRUdEQVdnQlFTblZxYktiM0IKaFIwRlBHMXlua1F3N1JFQlFUQU5CZ2txaGtpRzl3MEJBUXNGQUFPQ0FnRUFzOW9QeXlnTTc0N2poOGt0NGFmSwpxU0pwNlRPaTRBZVhzdkcxU25MR24vY1ZXLzhFQ3oxOHp4Q2VyTkhGZDUvODZORk1KN1BuamFiVm80ZUZjYy9ZCjducHpUYzlLMSs0Vmg0NlFkT2o2bExzNWx1Nnphdkd6WnNiQWJQLzVHVmlaOGQyNVI0dzZVMEVmRGlCb0JWajkKbzA1c3ZIMHJISXdrTjg3dU9raEtFeG1xVlVSSU5rUHNra3VjZ2ZjQlNRQy8vM25JQ1p6OWRSYVo4ZG4rdU1wawprb2M3NG8rdmdGclgwb25YZ0xRTTlTV1l6aVgwL1YxYjFwRVlPOVJwQWtLK0w4RmJ6SFJMMW94QXo5NnRvN1dDCkw0OThLeEFBK0QxT0QyTThLcDVoa09qTHBhOEZ5TU03NjZnK0E0UDh6VWxwVlVVMC9JMnZscjQyVkRsTzhEVkYKOGFoQjhVL2diNlRybVFSK3Z1ZzM3SStldzdBbDFNSnpWajVDWkUxNHpydU1URW82UHJyMWcrK3ZVTVNUb2dLMQpFdXlzRkg4dDB6YlJtQUZ3YUVKd1h3dHNmaG8ySkREUkdnemFsUGJkb3hEZXJGMkxvU212d0c0YndWUHNlZ2s1ClhNTFZPRmlwMUZhdjkyTWNBYUlRQTQ0M1NuQkdTbWZtWkJJaGxqckJGdEZTZkRINTJPWWNIU0V5UEJUWm9hWXkKL25qMSszZWs1NFdoRDRRelM3UG1HZUlIRVBFZWl1eXJXNUpSS2E5YWhTUGdxdC83QlNIcjFZRXNBb2tRQXpUagpYQlNRb3NQWGwvaGF1N3VDOWxBelVFM1RNNVJRRU9abjc4YlhMQUNGNEJGR2FZS1Z3bWJmQXkzVHQwYUhIdXFoCkpiUElTWW9YRk9QZzR2ZHlIZUlESXRBPQotLS0tLUVORCBDRVJUSUZJQ0FURS0tLS0tCg==\n    client-key-data: LS0tLS1CRUdJTiBSU0EgUFJJVkFURSBLRVktLS0tLQpNSUlKS1FJQkFBS0NBZ0VBM01kZlA3QmRqbUV4dFdsZW00VGVscHlnblZSOXVUb1N5dUlGSDBXcW1JcDNIYkNvCk50RkxKZk9xZ2pFVVpmQTM5bTFYMkRmZjVZdzYyRE96ek1ySDlMbmk5M2ZXRytwZG5OaEhUNEs0OUo5TUJYeUMKUG9xSjMwcFd4d3QxTUo3WmdzQk9OUzBTeDhuRTBtVXhsOGloeHQvbS9SRXNURm9Fb0dDWlFSRE91WlpDY295VQpPZXc0TmlxWXR2cXdRMjFpUU5NMmtJMzZMVlU3Wjd4QWloeFZlMzFubFNrRkhJeExVU09ER0E2MFdJVVN5Y3huCnVxdk1ZV3BRWFZRa1RUU1lDdmZqblBDTkt4c3JDV3pmZ0JCKzNudjZDZk1jLy9OZkdNWnNZRWdLSjUzdHdGL2wKSmNTeFpwSWlwMkJRb04vcjRxeGl6SzBka2RWc0VEWVpCaXVLR0tJSVZYTi9kaFdoQzBzVTJMZTB5YjVUb0s4NgprcnAxT255bng0dytKb0NPdWp4NTlLVEFpYlB2WHV6OTl1WnFCLzJuTXIyREwvejBuRXh1QktCb2RGcmU2UzdVCm5oRGdrRURWL3JIVmxDY1JRWlQ3SHlLTVByRWR2RWtRWVBCTng4THVtdUlMbUVFcUhHQUFSOEI1UWJUbnlLWncKKzJXbGU4dC8rUS8xM2pNVlk1YjdIMFNreWRILyt5UXhjTGI5ZkpzVUpzTXlxaGV2bzhMRU9ZdDRaczJZZGNqTQpNdnk0M2NzWWFhSGxPL1pmS0xDenpUMHNRT1NFNEViRWJYL3RrelgzeUxvajRLTEV5eVVIbE5TZmxGODNUcW5VCnR4UWxxT2s4WlRJTFZHOTdMUE9aQmV4S2pyeU5BUWpZWGpBdTFjaXdIK2JPeXdxR29pT3JONVB2SFZjQ0F3RUEKQVFLQ0FnQkZDdmhuZzNFT2lLaXg4ZHpMUjljUVJMVVozb1ZldXFHTDN2ajVHYUZMQ09wTlY2U1RXQXBuT1BkVwp0YUNLYklBanlYZ1NQdzcreTBiUHZBTjdoT0xaVHBTRERXL2cxUDhuZ0o5MFp3NE9PZzdkSEYzaXp4Smt5T3V3ClhZM3RnWS9HQ3Z1cU40bEsvM2RVMEo2Y3QvcVhwZ2VubG9wQzZsZk9DOGVCaUk4TmpNY0U2WitsS1pFK3B6MlEKNDM3aDUwQTF3NWVweHl5NHBwSG9VLy9lOFJOdWhmNHhzRjFQMnpQbWtQTjdQNFg0dE16MlhMMEhySmhDMHF1RgpORDRTQXVPVmNvWTAyeWxhbEtsMXpoMXJBRDJjdUNxdWw5KzJ6MVlxK2txRUphTS9WbTAybndhYk5CTENYK3NFCmF1TnNHL3E1clcxTVVzc1BneTNET0JmRlRUSm5BdnI1MlIwOFFVaFl1ZTl1QmEwazZGQVJSVno2a2JxWVVGeFUKUEdaZERnbU0ya05SajNWYU81eGdnRGxrWGJCRlNsTDNCZEFvVHJBNGo2N0haSGhVNm9qQi9ra1ZZME1IQmNjMgpRNHAzKzErNVpqOHl4Z05OSms1NjRRemMrWkU4YVgxV09lcXFrTlRtemZtWjNzYWh3aFNwa1I1Qjd2VzhSUG95ClNKYW1yeEplM25PUEpoR2xjQ245NFJsOWIyRmlpVGcxUkh5ZFFXTW1iR295Ym5DR0JrM1lQUjFnZ2xQMWJ6RHYKQzhBRHFjWjJ5a2ZoNDE3aUJOemFqNlR0aWJGQzJ0d3dZSHpqL0R5NEhVbFQzNWZWSjBaRzdGZ1Z2aU1jak5Ydgo0SVdaUmdDUWdtRzVUNFBZZzR3YmxWa1NsVy9zQjVDVHRrb3Z1UUFCeWZPS0kySlhBUUtDQVFFQTduREQ3cFhjCllLTGVFNW95b0xTcForTDRlOUNjZVZ0akEzMmxWWmozdmJ1TUFXQlQwdDdWRkhCVE93T1ZkUGt6M3FsYUswSUUKQWVyQ29GVno1bmNCSENTZlYrZ2ZSbFkwdHB6Mk9xZXlQc1lhcTFpaUtkTXV2Tmw4Ti9SMXNsdmdNemplbHNDaQpCWHVnUmFpckQwUGNWMU1ISmwzelNISUU3MmI2QUpzOUF6a1I5N25vK29vRytYRk1FcHZHMEhPK3FiUExObDhBCnh4aWRPWVRpd1ZUUHJQbk1qeUlLY1NkUVZNdW1mZTJTSXF2YnkrRnIwdHEyWWI0dXdrbksrRGVhSWUzbEEvZVAKUkhUd1pJWmJaTzUvMFdqUEFyZWIrUDIyQXdmLzFub0xQdXM3S2o4bk5sWUppMm9ESnk1TGM2MVRjMGxUOTdYSApoL2x0WUNzMTBObjFnUUtDQVFFQTdRbWpGSWdCT1lhYUFpMitQdTZCeGVpakNXZHdpeHR3b3YwSXdxOW9NRi9uClpjZDZZMmF6RXhxZUt2MmlKUTBkU1BoYnNNZXIrZTdFV2dCNE5DVUZJODB1TlpEbmFRVHFET3lUZDRIZ2ZFT00KUTRZZkJuWS9LWGhDaFZvbDVNVW1helBJeFBGTDV0Tk13NXo1eUNYalhVYXEzcDZxa1Q3RUFjQnlCMGtteXVWNQpzZWtrNGNJdW9jRXZEN0dpOGR0bFROelNwM2lrempyNFp1UExwV1E1aGV3VnhYRXVDRWlyNDFDK2IzWWRtRVJ2CjN4U0JScndsUnBKamtZQTZmNkc3SDBSeGt3SU9MYk9EdlpuMFNiWHhRT0h4eGlEZFV0UmdYcVhhbW9QMThYS3kKYndCMjI5enBocXFRMTluUVowL2RXUzIvV0VqUTZENDBRSWVEUktUdTF3S0NBUUVBbnRlNmZ4ZVFuMFFBbzVobQp2ODU2eUgxWXdjc0FZb3d4MHVLQ0lScnRkNVVZT05aK0lRMVhiKzFBVlNFWEVMenZCQmRYdlZlV0tkekYyVi96Ci9RVXNWUjVFbEtCTExXVkNhcUQ0RzYwWnZsM2s2Rjc4Y05hQjNVY1pUSUZyWXUxMzEwZThhVHRjOUVBZVRpbUcKQTM1V3JFbmdpbnV1RllYM3FiQzFQWEF0WGhkSDAvc2lyTDBFMW1uV250THR5SEpEQXZTR25Pci9McU5FSWt4WApieW5ieThVQnRCeWVUakU5ZjYvSGN6NnZ5cThvbHBMT2JNSk5HNkpCcmliUXN6ai9VamtVQnVlRnByb3NaeHRtCmlUK2xJTkVzandmWVBUQnZiMmVGMU5DcTZ6aHp5cm9WbWtvSXc3cFU3V1lXMTdJUTFNMTF4YUJ3a3pIajNsd0sKMXQ1TWdRS0NBUUVBeGNtZHozcnc4cXhUQS9CaFo2ZWlsNTVYdEhnZ202S0k2U2VVVU1jR2ZCNzZPWjRxakpqYwpZZHQ3RVVwVUt2QjNlRFRzWldVbkprVEtpSU1OeWd6OTdmSytWU29WUGpkQWlRbzZ2cVNieVhTZnJKUlVmUkxiCi8yRit1RUVSajRQR1cvdDQwb1M1bmVEQWxCVC9BN2hCc01wUHQ3VFRoS0RIOHVJL0E3OVJaRW40c3JCayt4QUoKMHlVY2ZNN3Z0VG9wbStwQ3lFVk4xMXV6ZkQ4bDVWcnMrTWVYSHdvaXEvemZtS3orU29sWGhuL01qV3RSdDlFMApsVjkvUDZDc3IyVW5lNTZqMmxRRHVyU28vK05meU1YTmlpTStsK0ZDYkdRVUNjWUEwNSs2Ny82Unp6ZW05aXl1Cm01VGxpWWNSYzdOYmNwZE9xMzhPK2tzMVZJYit6SitIUHdLQ0FRQndienJwQUFZYnUzdzRVbXo2eDdQRE9SMFYKVmNpcFpaVlhtSUZpOWlDSVovSHY1b3JRU2JKRUt0aGdqWVFRUWNMMXBTNStEUjMwb0RQQmJ5TkgxQk56N1g3cAprN3lnWDQ4eGIzMUwyWW9ldGJiUyswcDQwd2pGaUpqS1dkTlpRTTFjdGp2dzRkNmNISDJORjEvMkc5MWh2SlVQCm9WSzd2Q1JBR25xV0VDMGV0eEpHYzVURld3VVB5Ym5PWE5xU3BFV0d0SjFJcVdMbk9qVUt6Rk13V0U5RnRBcFgKMHlKbXd4TEhEZ0xvU3FPdmJRc3doa25ZclltZFJweTI4QmJSN2ZLdHlWZTZ0ZDluUkVnejUwVk9OM2JZa1Q1MAowUlNOdTNOTndoY3JQaDYvS2JQMzJFOXB6MVNON0RtWjlSck9CQnJPUStyNGEyUkJkVWZsbGNPbFZCc04KLS0tLS1FTkQgUlNBIFBSSVZBVEUgS0VZLS0tLS0K\n    token: ej6v5k944tkv42ztkc29rg8ds17ynb4id57ti62ijvop7t96qsv8o9fuqpw81c241656zgvo54pncti5vt1gfng1p1oz8w2b5asbwfheal92xfngsayjs7ebliu41qjh\n",
            "kubelet_identity": [
              {
                "client_id": "bddb871e-618e-40f1-b88f-adc6776602bd",
                "object_id": "369bf89e-50dc-4728-bf2d-b16418089383",
                "user_assigned_identity_id": "/subscriptions/984fba01-ff04-4ed7-a603-7885d537400f/resourceGroups/MC_mtc-resources_aks-prod_westus2/providers/Microsoft.ManagedIdentity/userAssignedIdentities/aks-prod-agentpool"
              }
            ],
            "kubernetes_version": "1.34",
            "linux_profile": [],
            "local_account_disabled": false,
            "location": "westus2",
            "maintenance_window": [],
            "maintenance_window_auto_upgrade": [],
            "maintenance_window_node_os": [],
            "microsoft_defender": [],
            "monitor_metrics": [],
            "name": "aks-prod",
            "network_profile": [
              {
                "advanced_networking": [],
                "dns_service_ip": "10.0.0.10",
                "ip_versions": [
                  "IPv4"
                ],
                "load_balancer_profile": [
                  {
                    "backend_pool_type": "NodeIPConfiguration",
                    "effective_outbound_ips": [
                      "/subscriptions/984fba01-ff04-4ed7-a603-7885d537400f/resourceGroups/MC_mtc-resources_aks-prod_westus2/providers/Microsoft.Network/publicIPAddresses/eae23e4d-0bd1-48fa-b4d5-726ba06151ea"
                    ],
                    "idle_timeout_in_minutes": 0,
                    "managed_outbound_ip_count": 1,
                    "managed_outbound_ipv6_count": 0,
                    "outbound_ip_address_ids": [],
                    "outbound_ip_prefix_ids": [],
                    "outbound_ports_allocated": 0
                  }
                ],
                "load_balancer_sku": "standard",
                "nat_gateway_profile": [],
                "network_data_plane": "azure",
                "network_mode": "",
                "network_plugin": "azure",
                "network_plugin_mode": "",
                "network_policy": "",
                "outbound_type": "loadBalancer",
                "pod_cidr": "",
                "pod_cidrs": [],
                "service_cidr": "10.0.0.0/16",
                "service_cidrs": [
                  "10.0.0.0/16"
                ]
              }
            ],
            "node_os_upgrade_channel": "NodeImage",
            "node_provisioning_profile": [
              {
                "default_node_pools": "Auto",
                "mode": "Manual"
              }
            ],
            "node_resource_group": "MC_mtc-resources_aks-prod_westus2",
            "node_resource_group_id": "/subscriptions/984fba01-ff04-4ed7-a603-7885d537400f/resourceGroups/MC_mtc-resources_aks-prod_westus2",
            "oidc_issuer_enabled": true,
            "oidc_issuer_url": "https://westus2.oic.prod-aks.azure.com/a50da50f-fa13-49ce-8a1b-cb5556ac6cf5/025f046c-2290-467f-96e9-c0c4f5110f27/",
            "oms_agent": [],
            "open_service_mesh_enabled": false,
            "portal_fqdn": "aksprod-tbneeu8q.portal.hcp.westus2.azmk8s.io",
            "private_cluster_enabled": false,
            "private_cluster_public_fqdn_enabled": false,
            "private_dns_zone_id": "",
            "private_fqdn": "",
            "resource_group_name": "mtc-resources",
            "role_based_access_control_enabled": true,
            "run_command_enabled": true,
            "service_mesh_profile": [],
            "service_principal": [],
            "sku_tier": "Free",
            "storage_profile": [],
            "support_plan": "KubernetesOfficial",
            "tags": {},
            "timeouts": null,
            "upgrade_override": [],
            "web_app_routing": [],
            "windows_profile": [
              {
                "admin_password": "",
                "admin_username": "azureuser",
                "gmsa": [],
                "license": ""
              }
            ],
            "workload_autoscaler_profile": [],
            "workload_identity_enabled": true
          },
          "sensitive_attributes": [
            [
              {
                "type": "get_attr",
                "value": "kube_admin_config"
              }
            ],
            [
              {
                "type": "get_attr",
                "value": "kube_admin_config_raw"
              }
            ],
            [
              {
                "type": "get_attr",
                "value": "kube_config"
              }
            ],
            [
              {
                "type": "get_attr",
                "value": "kube_config_raw"
              }
            ],
            [
              {
                "type": "get_attr",
                "value": "windows_profile"
              },
              {
                "type": "index",
                "value": {
                  "value": 0,
                  "type": "number"
                }
              },
              {
                "type": "get_attr",
                "value": "admin_password"
              }
            ]
          ],
          "identity_schema_version": 0,
          "private": "eyJlMmJmYjczMC1lY2FhLTExZTYtOGY4OC0zNDM2M2JjN2M0YzAiOnsiY3JlYXRlIjo1NDAwMDAwMDAwMDAwLCJkZWxldGUiOjU0MDAwMDAwMDAwMDAsInJlYWQiOjMwMDAwMDAwMDAwMCwidXBkYXRlIjo1NDAwMDAwMDAwMDAwfSwic2NoZW1hX3ZlcnNpb24iOiIyIn0=",
          "dependencies": [
            "azurerm_resource_group.mtc-rg"
          ]
        }
      ]
    },
    {
      "mode": "managed",
      "type": "azurerm_linux_virtual_machine",
      "name": "mtc-vm",
      "provider": "provider[\"registry.terraform.io/hashicorp/azurerm\"]",
      "instances": [
        {
          "schema_version": 0,
          "attributes": {
            "additional_capabilities": [],
            "admin_password": null,
            "admin_ssh_key": [
              {
                "public_key": "ssh-ed25519 AAAAC3NzaC1lZDI1NTE5AAAAIOG7FR0hYDHEhOZorCA4o8QAkpzBKcTU31g0Ts8BV42f shour@MSI\n",
                "username": "adminuser"
              }
            ],
            "admin_username": "adminuser",
            "allow_extension_operations": true,
            "availability_set_id": "",
            "boot_diagnostics": [],
            "bypass_platform_safety_checks_on_user_schedule_enabled": false,
            "capacity_reservation_group_id": "",
            "computer_name": "mtc-vm",
            "custom_data": "IyEvYmluL2Jhc2gNCg0KIyBVcGRhdGUgcGFja2FnZSBsaXN0DQphcHQtZ2V0IHVwZGF0ZSAteQ0KDQojIEluc3RhbGwgbmVjZXNzYXJ5IGRlcGVuZGVuY2llcw0KYXB0LWdldCBpbnN0YWxsIC15IFwNCiAgICBjYS1jZXJ0aWZpY2F0ZXMgXA0KICAgIGN1cmwgXA0KICAgIGdudXBnIFwNCiAgICBsc2ItcmVsZWFzZSBcDQogICAgYXB0LXRyYW5zcG9ydC1odHRwcyBcDQogICAgc29mdHdhcmUtcHJvcGVydGllcy1jb21tb24NCg0KIyBBZGQgRG9ja2Vy4oCZcyBvZmZpY2lhbCBHUEcga2V5DQppbnN0YWxsIC1tIDA3NTUgLWQgL2V0Yy9hcHQva2V5cmluZ3MNCmN1cmwgLWZzU0wgaHR0cHM6Ly9kb3dubG9hZC5kb2NrZXIuY29tL2xpbnV4L3VidW50dS9ncGcgXA0KICB8IGdwZyAtLWRlYXJtb3IgLW8gL2V0Yy9hcHQva2V5cmluZ3MvZG9ja2VyLmdwZw0KY2htb2QgYStyIC9ldGMvYXB0L2tleXJpbmdzL2RvY2tlci5ncGcNCg0KIyBBZGQgRG9ja2VyIHJlcG9zaXRvcnkNCmVjaG8gXA0KICAiZGViIFthcmNoPSQoZHBrZyAtLXByaW50LWFyY2hpdGVjdHVyZSkgc2lnbmVkLWJ5PS9ldGMvYXB0L2tleXJpbmdzL2RvY2tlci5ncGddIFwNCiAgaHR0cHM6Ly9kb3dubG9hZC5kb2NrZXIuY29tL2xpbnV4L3VidW50dSBcDQogICQobHNiX3JlbGVhc2UgLWNzKSBzdGFibGUiIFwNCiAgfCB0ZWUgL2V0Yy9hcHQvc291cmNlcy5saXN0LmQvZG9ja2VyLmxpc3QgPiAvZGV2L251bGwNCg0KIyBVcGRhdGUgcGFja2FnZSBsaXN0IGFnYWluIHdpdGggRG9ja2VyIHJlcG8NCmFwdC1nZXQgdXBkYXRlIC15DQoNCiMgSW5zdGFsbCBEb2NrZXIgRW5naW5lLCBDTEksIGNvbnRhaW5lcmQNCmFwdC1nZXQgaW5zdGFsbCAteSBkb2NrZXItY2UgZG9ja2VyLWNlLWNsaSBjb250YWluZXJkLmlvIGRvY2tlci1idWlsZHgtcGx1Z2luIGRvY2tlci1jb21wb3NlLXBsdWdpbg0KDQojIEVuYWJsZSBhbmQgc3RhcnQgRG9ja2VyDQpzeXN0ZW1jdGwgZW5hYmxlIGRvY2tlcg0Kc3lzdGVtY3RsIHN0YXJ0IGRvY2tlcg0KDQojIEFkZCBjdXJyZW50IHVzZXIgdG8gdGhlIGRvY2tlciBncm91cCAob3B0aW9uYWwsIGZvciBub24tcm9vdCB1c2FnZSkNCnVzZXJtb2QgLWFHIGRvY2tlciAkVVNFUg0KDQojIFByaW50IERvY2tlciB2ZXJzaW9uIGZvciBjb25maXJtYXRpb24NCmRvY2tlciAtLXZlcnNpb24NCg==",
            "dedicated_host_group_id": "",
            "dedicated_host_id": "",
            "disable_password_authentication": true,
            "disk_controller_type": "",
            "edge_zone": "",
            "encryption_at_host_enabled": false,
            "eviction_policy": "",
            "extensions_time_budget": "PT1H30M",
            "gallery_application": [],
            "id": "/subscriptions/984fba01-ff04-4ed7-a603-7885d537400f/resourceGroups/mtc-resources/providers/Microsoft.Compute/virtualMachines/mtc-vm",
            "identity": [],
            "license_type": "",
            "location": "westus2",
            "max_bid_price": -1,
            "name": "mtc-vm",
            "network_interface_ids": [
              "/subscriptions/984fba01-ff04-4ed7-a603-7885d537400f/resourceGroups/mtc-resources/providers/Microsoft.Network/networkInterfaces/mtc-nic"
            ],
            "os_disk": [
              {
                "caching": "ReadWrite",
                "diff_disk_settings": [],
                "disk_encryption_set_id": "",
                "disk_size_gb": 30,
                "id": "/subscriptions/984fba01-ff04-4ed7-a603-7885d537400f/resourceGroups/mtc-resources/providers/Microsoft.Compute/disks/mtc-vm_OsDisk_1_7f80435991ee47acaee8bf42cd13ba3f",
                "name": "mtc-vm_OsDisk_1_7f80435991ee47acaee8bf42cd13ba3f",
                "secure_vm_disk_encryption_set_id": "",
                "security_encryption_type": "",
                "storage_account_type": "Standard_LRS",
                "write_accelerator_enabled": false
              }
            ],
            "os_image_notification": [],
            "os_managed_disk_id": "/subscriptions/984fba01-ff04-4ed7-a603-7885d537400f/resourceGroups/mtc-resources/providers/Microsoft.Compute/disks/mtc-vm_OsDisk_1_7f80435991ee47acaee8bf42cd13ba3f",
            "patch_assessment_mode": "ImageDefault",
            "patch_mode": "ImageDefault",
            "plan": [],
            "platform_fault_domain": -1,
            "priority": "Regular",
            "private_ip_address": "10.123.1.4",
            "private_ip_addresses": [
              "10.123.1.4"
            ],
            "provision_vm_agent": true,
            "proximity_placement_group_id": "",
            "public_ip_address": "20.98.83.26",
            "public_ip_addresses": [
              "20.98.83.26"
            ],
            "reboot_setting": "",
            "resource_group_name": "mtc-resources",
            "secret": [],
            "secure_boot_enabled": false,
            "size": "Standard_E2s_v3",
            "source_image_id": "",
            "source_image_reference": [
              {
                "offer": "0001-com-ubuntu-server-jammy",
                "publisher": "Canonical",
                "sku": "22_04-lts",
                "version": "latest"
              }
            ],
            "tags": {},
            "termination_notification": [],
            "timeouts": null,
            "user_data": "",
            "virtual_machine_id": "5f302ebe-8e14-4559-9a00-85eca4543c59",
            "virtual_machine_scale_set_id": "",
            "vm_agent_platform_updates_enabled": false,
            "vtpm_enabled": false,
            "zone": ""
          },
          "sensitive_attributes": [
            [
              {
                "type": "get_attr",
                "value": "admin_password"
              }
            ],
            [
              {
                "type": "get_attr",
                "value": "custom_data"
              }
            ]
          ],
          "identity_schema_version": 0,
          "private": "eyJlMmJmYjczMC1lY2FhLTExZTYtOGY4OC0zNDM2M2JjN2M0YzAiOnsiY3JlYXRlIjoyNzAwMDAwMDAwMDAwLCJkZWxldGUiOjI3MDAwMDAwMDAwMDAsInJlYWQiOjMwMDAwMDAwMDAwMCwidXBkYXRlIjoyNzAwMDAwMDAwMDAwfX0=",
          "dependencies": [
            "azurerm_network_interface.mtc-nic",
            "azurerm_public_ip.mtc-ip",
            "azurerm_resource_group.mtc-rg",
            "azurerm_subnet.mtc-subnet",
            "azurerm_virtual_network.mtc-vn"
          ]
        }
      ]
    },
    {
      "mode": "managed",
      "type": "azurerm_network_interface",
      "name": "mtc-nic",
      "provider": "provider[\"registry.terraform.io/hashicorp/azurerm\"]",
      "instances": [
        {
          "schema_version": 0,
          "attributes": {
            "accelerated_networking_enabled": false,
            "applied_dns_servers": [],
            "auxiliary_mode": "",
            "auxiliary_sku": "",
            "dns_servers": [],
            "edge_zone": "",
            "id": "/subscriptions/984fba01-ff04-4ed7-a603-7885d537400f/resourceGroups/mtc-resources/providers/Microsoft.Network/networkInterfaces/mtc-nic",
            "internal_dns_name_label": "",
            "internal_domain_name_suffix": "d43bxvttesdupp1qc3bmwbsipb.xx.internal.cloudapp.net",
            "ip_configuration": [
              {
                "gateway_load_balancer_frontend_ip_configuration_id": "",
                "name": "internal",
                "primary": true,
                "private_ip_address": "10.123.1.4",
                "private_ip_address_allocation": "Dynamic",
                "private_ip_address_version": "IPv4",
                "public_ip_address_id": "/subscriptions/984fba01-ff04-4ed7-a603-7885d537400f/resourceGroups/mtc-resources/providers/Microsoft.Network/publicIPAddresses/mtc-ip",
                "subnet_id": "/subscriptions/984fba01-ff04-4ed7-a603-7885d537400f/resourceGroups/mtc-resources/providers/Microsoft.Network/virtualNetworks/mtc-network/subnets/mtc-subnet"
              }
            ],
            "ip_forwarding_enabled": false,
            "location": "westus2",
            "mac_address": "00-22-48-7B-DD-DD",
            "name": "mtc-nic",
            "private_ip_address": "10.123.1.4",
            "private_ip_addresses": [
              "10.123.1.4"
            ],
            "resource_group_name": "mtc-resources",
            "tags": {},
            "timeouts": null,
            "virtual_machine_id": "/subscriptions/984fba01-ff04-4ed7-a603-7885d537400f/resourceGroups/mtc-resources/providers/Microsoft.Compute/virtualMachines/mtc-vm"
          },
          "sensitive_attributes": [],
          "identity_schema_version": 0,
          "identity": {
            "name": "mtc-nic",
            "resource_group_name": "mtc-resources",
            "subscription_id": "984fba01-ff04-4ed7-a603-7885d537400f"
          },
          "private": "eyJlMmJmYjczMC1lY2FhLTExZTYtOGY4OC0zNDM2M2JjN2M0YzAiOnsiY3JlYXRlIjoxODAwMDAwMDAwMDAwLCJkZWxldGUiOjE4MDAwMDAwMDAwMDAsInJlYWQiOjMwMDAwMDAwMDAwMCwidXBkYXRlIjoxODAwMDAwMDAwMDAwfX0=",
          "dependencies": [
            "azurerm_public_ip.mtc-ip",
            "azurerm_resource_group.mtc-rg",
            "azurerm_subnet.mtc-subnet",
            "azurerm_virtual_network.mtc-vn"
          ]
        }
      ]
    },
    {
      "mode": "managed",
      "type": "azurerm_network_security_group",
      "name": "mtc-sg",
      "provider": "provider[\"registry.terraform.io/hashicorp/azurerm\"]",
      "instances": [
        {
          "schema_version": 0,
          "attributes": {
            "id": "/subscriptions/984fba01-ff04-4ed7-a603-7885d537400f/resourceGroups/mtc-resources/providers/Microsoft.Network/networkSecurityGroups/mtc-sg",
            "location": "westus2",
            "name": "mtc-sg",
            "resource_group_name": "mtc-resources",
            "security_rule": [
              {
                "access": "Allow",
                "description": "",
                "destination_address_prefix": "*",
                "destination_address_prefixes": [],
                "destination_application_security_group_ids": [],
                "destination_port_range": "*",
                "destination_port_ranges": [],
                "direction": "Inbound",
                "name": "mtc-dev-rules",
                "priority": 100,
                "protocol": "*",
                "source_address_prefix": "*",
                "source_address_prefixes": [],
                "source_application_security_group_ids": [],
                "source_port_range": "*",
                "source_port_ranges": []
              }
            ],
            "tags": {
              "environment": "dev"
            },
            "timeouts": null
          },
          "sensitive_attributes": [],
          "identity_schema_version": 0,
          "identity": {
            "name": "mtc-sg",
            "resource_group_name": "mtc-resources",
            "subscription_id": "984fba01-ff04-4ed7-a603-7885d537400f"
          },
          "private": "eyJlMmJmYjczMC1lY2FhLTExZTYtOGY4OC0zNDM2M2JjN2M0YzAiOnsiY3JlYXRlIjoxODAwMDAwMDAwMDAwLCJkZWxldGUiOjE4MDAwMDAwMDAwMDAsInJlYWQiOjMwMDAwMDAwMDAwMCwidXBkYXRlIjoxODAwMDAwMDAwMDAwfX0=",
          "dependencies": [
            "azurerm_resource_group.mtc-rg"
          ]
        }
      ]
    },
    {
      "mode": "managed",
      "type": "azurerm_network_security_rule",
      "name": "mtc-dev-rules",
      "provider": "provider[\"registry.terraform.io/hashicorp/azurerm\"]",
      "instances": [
        {
          "schema_version": 0,
          "attributes": {
            "access": "Allow",
            "description": "",
            "destination_address_prefix": "*",
            "destination_address_prefixes": [],
            "destination_application_security_group_ids": [],
            "destination_port_range": "*",
            "destination_port_ranges": [],
            "direction": "Inbound",
            "id": "/subscriptions/984fba01-ff04-4ed7-a603-7885d537400f/resourceGroups/mtc-resources/providers/Microsoft.Network/networkSecurityGroups/mtc-sg/securityRules/mtc-dev-rules",
            "name": "mtc-dev-rules",
            "network_security_group_name": "mtc-sg",
            "priority": 100,
            "protocol": "*",
            "resource_group_name": "mtc-resources",
            "source_address_prefix": "*",
            "source_address_prefixes": [],
            "source_application_security_group_ids": [],
            "source_port_range": "*",
            "source_port_ranges": [],
            "timeouts": null
          },
          "sensitive_attributes": [],
          "identity_schema_version": 0,
          "identity": {
            "name": "mtc-dev-rules",
            "network_security_group_name": "mtc-sg",
            "resource_group_name": "mtc-resources",
            "subscription_id": "984fba01-ff04-4ed7-a603-7885d537400f"
          },
          "private": "eyJlMmJmYjczMC1lY2FhLTExZTYtOGY4OC0zNDM2M2JjN2M0YzAiOnsiY3JlYXRlIjoxODAwMDAwMDAwMDAwLCJkZWxldGUiOjE4MDAwMDAwMDAwMDAsInJlYWQiOjMwMDAwMDAwMDAwMCwidXBkYXRlIjoxODAwMDAwMDAwMDAwfX0=",
          "dependencies": [
            "azurerm_network_security_group.mtc-sg",
            "azurerm_resource_group.mtc-rg"
          ]
        }
      ]
    },
    {
      "mode": "managed",
      "type": "azurerm_public_ip",
      "name": "mtc-ip",
      "provider": "provider[\"registry.terraform.io/hashicorp/azurerm\"]",
      "instances": [
        {
          "schema_version": 0,
          "attributes": {
            "allocation_method": "Static",
            "ddos_protection_mode": "VirtualNetworkInherited",
            "ddos_protection_plan_id": null,
            "domain_name_label": null,
            "domain_name_label_scope": null,
            "edge_zone": "",
            "fqdn": null,
            "id": "/subscriptions/984fba01-ff04-4ed7-a603-7885d537400f/resourceGroups/mtc-resources/providers/Microsoft.Network/publicIPAddresses/mtc-ip",
            "idle_timeout_in_minutes": 4,
            "ip_address": "20.98.83.26",
            "ip_tags": {},
            "ip_version": "IPv4",
            "location": "westus2",
            "name": "mtc-ip",
            "public_ip_prefix_id": null,
            "resource_group_name": "mtc-resources",
            "reverse_fqdn": null,
            "sku": "Standard",
            "sku_tier": "Regional",
            "tags": {
              "environment": "dev"
            },
            "timeouts": null,
            "zones": []
          },
          "sensitive_attributes": [],
          "identity_schema_version": 0,
          "identity": {
            "name": "mtc-ip",
            "resource_group_name": "mtc-resources",
            "subscription_id": "984fba01-ff04-4ed7-a603-7885d537400f"
          },
          "private": "eyJlMmJmYjczMC1lY2FhLTExZTYtOGY4OC0zNDM2M2JjN2M0YzAiOnsiY3JlYXRlIjoxODAwMDAwMDAwMDAwLCJkZWxldGUiOjE4MDAwMDAwMDAwMDAsInJlYWQiOjMwMDAwMDAwMDAwMCwidXBkYXRlIjoxODAwMDAwMDAwMDAwfX0=",
          "dependencies": [
            "azurerm_resource_group.mtc-rg"
          ]
        }
      ]
    },
    {
      "mode": "managed",
      "type": "azurerm_resource_group",
      "name": "mtc-rg",
      "provider": "provider[\"registry.terraform.io/hashicorp/azurerm\"]",
      "instances": [
        {
          "schema_version": 0,
          "attributes": {
            "id": "/subscriptions/984fba01-ff04-4ed7-a603-7885d537400f/resourceGroups/mtc-resources",
            "location": "westus2",
            "managed_by": "",
            "name": "mtc-resources",
            "tags": {
              "environment": "dev"
            },
            "timeouts": null
          },
          "sensitive_attributes": [],
          "identity_schema_version": 0,
          "identity": {
            "name": "mtc-resources",
            "subscription_id": "984fba01-ff04-4ed7-a603-7885d537400f"
          },
          "private": "eyJlMmJmYjczMC1lY2FhLTExZTYtOGY4OC0zNDM2M2JjN2M0YzAiOnsiY3JlYXRlIjo1NDAwMDAwMDAwMDAwLCJkZWxldGUiOjU0MDAwMDAwMDAwMDAsInJlYWQiOjMwMDAwMDAwMDAwMCwidXBkYXRlIjo1NDAwMDAwMDAwMDAwfX0="
        }
      ]
    },
    {
      "mode": "managed",
      "type": "azurerm_subnet",
      "name": "mtc-subnet",
      "provider": "provider[\"registry.terraform.io/hashicorp/azurerm\"]",
      "instances": [
        {
          "schema_version": 0,
          "attributes": {
            "address_prefixes": [
              "10.123.1.0/24"
            ],
            "default_outbound_access_enabled": true,
            "delegation": [],
            "id": "/subscriptions/984fba01-ff04-4ed7-a603-7885d537400f/resourceGroups/mtc-resources/providers/Microsoft.Network/virtualNetworks/mtc-network/subnets/mtc-subnet",
            "ip_address_pool": [],
            "name": "mtc-subnet",
            "private_endpoint_network_policies": "Disabled",
            "private_link_service_network_policies_enabled": true,
            "resource_group_name": "mtc-resources",
            "service_endpoint_policy_ids": [],
            "service_endpoints": [],
            "sharing_scope": "",
            "timeouts": null,
            "virtual_network_name": "mtc-network"
          },
          "sensitive_attributes": [],
          "identity_schema_version": 0,
          "identity": {
            "name": "mtc-subnet",
            "resource_group_name": "mtc-resources",
            "subscription_id": "984fba01-ff04-4ed7-a603-7885d537400f",
            "virtual_network_name": "mtc-network"
          },
          "private": "eyJlMmJmYjczMC1lY2FhLTExZTYtOGY4OC0zNDM2M2JjN2M0YzAiOnsiY3JlYXRlIjoxODAwMDAwMDAwMDAwLCJkZWxldGUiOjE4MDAwMDAwMDAwMDAsInJlYWQiOjMwMDAwMDAwMDAwMCwidXBkYXRlIjoxODAwMDAwMDAwMDAwfX0=",
          "dependencies": [
            "azurerm_resource_group.mtc-rg",
            "azurerm_virtual_network.mtc-vn"
          ]
        }
      ]
    },
    {
      "mode": "managed",
      "type": "azurerm_subnet_network_security_group_association",
      "name": "mtc-sga",
      "provider": "provider[\"registry.terraform.io/hashicorp/azurerm\"]",
      "instances": [
        {
          "schema_version": 0,
          "attributes": {
            "id": "/subscriptions/984fba01-ff04-4ed7-a603-7885d537400f/resourceGroups/mtc-resources/providers/Microsoft.Network/virtualNetworks/mtc-network/subnets/mtc-subnet",
            "network_security_group_id": "/subscriptions/984fba01-ff04-4ed7-a603-7885d537400f/resourceGroups/mtc-resources/providers/Microsoft.Network/networkSecurityGroups/mtc-sg",
            "subnet_id": "/subscriptions/984fba01-ff04-4ed7-a603-7885d537400f/resourceGroups/mtc-resources/providers/Microsoft.Network/virtualNetworks/mtc-network/subnets/mtc-subnet",
            "timeouts": null
          },
          "sensitive_attributes": [],
          "identity_schema_version": 0,
          "private": "eyJlMmJmYjczMC1lY2FhLTExZTYtOGY4OC0zNDM2M2JjN2M0YzAiOnsiY3JlYXRlIjoxODAwMDAwMDAwMDAwLCJkZWxldGUiOjE4MDAwMDAwMDAwMDAsInJlYWQiOjMwMDAwMDAwMDAwMH19",
          "dependencies": [
            "azurerm_network_security_group.mtc-sg",
            "azurerm_resource_group.mtc-rg",
            "azurerm_subnet.mtc-subnet",
            "azurerm_virtual_network.mtc-vn"
          ]
        }
      ]
    },
    {
      "mode": "managed",
      "type": "azurerm_virtual_network",
      "name": "mtc-vn",
      "provider": "provider[\"registry.terraform.io/hashicorp/azurerm\"]",
      "instances": [
        {
          "schema_version": 0,
          "attributes": {
            "address_space": [
              "10.123.0.0/16"
            ],
            "bgp_community": "",
            "ddos_protection_plan": [],
            "dns_servers": [],
            "edge_zone": "",
            "encryption": [],
            "flow_timeout_in_minutes": 0,
            "guid": "d61bba1f-2473-4787-bf70-1742cb064879",
            "id": "/subscriptions/984fba01-ff04-4ed7-a603-7885d537400f/resourceGroups/mtc-resources/providers/Microsoft.Network/virtualNetworks/mtc-network",
            "ip_address_pool": [],
            "location": "westus2",
            "name": "mtc-network",
            "private_endpoint_vnet_policies": "Disabled",
            "resource_group_name": "mtc-resources",
            "subnet": [
              {
                "address_prefixes": [
                  "10.123.1.0/24"
                ],
                "default_outbound_access_enabled": true,
                "delegation": [],
                "id": "/subscriptions/984fba01-ff04-4ed7-a603-7885d537400f/resourceGroups/mtc-resources/providers/Microsoft.Network/virtualNetworks/mtc-network/subnets/mtc-subnet",
                "name": "mtc-subnet",
                "private_endpoint_network_policies": "Disabled",
                "private_link_service_network_policies_enabled": true,
                "route_table_id": "",
                "security_group": "/subscriptions/984fba01-ff04-4ed7-a603-7885d537400f/resourceGroups/mtc-resources/providers/Microsoft.Network/networkSecurityGroups/mtc-sg",
                "service_endpoint_policy_ids": [],
                "service_endpoints": []
              }
            ],
            "tags": {
              "environment": "dev"
            },
            "timeouts": null
          },
          "sensitive_attributes": [],
          "identity_schema_version": 0,
          "identity": {
            "name": "mtc-network",
            "resource_group_name": "mtc-resources",
            "subscription_id": "984fba01-ff04-4ed7-a603-7885d537400f"
          },
          "private": "eyJlMmJmYjczMC1lY2FhLTExZTYtOGY4OC0zNDM2M2JjN2M0YzAiOnsiY3JlYXRlIjoxODAwMDAwMDAwMDAwLCJkZWxldGUiOjE4MDAwMDAwMDAwMDAsInJlYWQiOjMwMDAwMDAwMDAwMCwidXBkYXRlIjoxODAwMDAwMDAwMDAwfX0=",
          "dependencies": [
            "azurerm_resource_group.mtc-rg"
          ]
        }
      ]
    },
    {
      "mode": "managed",
      "type": "helm_release",
      "name": "argocd",
      "provider": "provider[\"registry.terraform.io/hashicorp/helm\"]",
      "instances": [
        {
          "schema_version": 1,
          "attributes": {
            "atomic": false,
            "chart": "argo-cd",
            "cleanup_on_fail": false,
            "create_namespace": false,
            "dependency_update": false,
            "description": null,
            "devel": null,
            "disable_crd_hooks": false,
            "disable_openapi_validation": false,
            "disable_webhooks": false,
            "force_update": false,
            "id": "argocd",
            "keyring": null,
            "lint": false,
            "manifest": null,
            "max_history": 0,
            "metadata": [
              {
                "app_version": "v3.3.6",
                "chart": "argo-cd",
                "first_deployed": 1775270181,
                "last_deployed": 1775270181,
                "name": "argocd",
                "namespace": "argocd",
                "notes": "\nIn order to access the server UI you have the following options:\n\n1. kubectl port-forward service/argocd-server -n argocd 8080:443\n\n    and then open the browser on http://localhost:8080 and accept the certificate\n\n2. enable ingress in the values file `server.ingress.enabled` and either\n      - Add the annotation for ssl passthrough: https://argo-cd.readthedocs.io/en/stable/operator-manual/ingress/#option-1-ssl-passthrough\n      - Set the `configs.params.\"server.insecure\"` in the values file and terminate SSL at your ingress: https://argo-cd.readthedocs.io/en/stable/operator-manual/ingress/#option-2-multiple-ingress-objects-and-hosts\n\n\nAfter reaching the UI the first time you can login with username: admin and the random password generated during the installation. You can find the password by running:\n\nkubectl -n argocd get secret argocd-initial-admin-secret -o jsonpath=\"{.data.password}\" | base64 -d\n\n(You should delete the initial secret afterwards as suggested by the Getting Started Guide: https://argo-cd.readthedocs.io/en/stable/getting_started/#4-login-using-the-cli)\n",
                "revision": 1,
                "values": "{\"configs\":{\"params\":{\"server.insecure\":false}},\"server\":{\"ingress\":{\"enabled\":true,\"hosts\":[\"argocd.yourdomain.com\"],\"ingressClassName\":\"nginx\",\"tls\":[{\"hosts\":[\"argocd.yourdomain.com\"],\"secretName\":\"argocd-tls\"}]},\"service\":{\"type\":\"ClusterIP\"}}}",
                "version": "9.4.17"
              }
            ],
            "name": "argocd",
            "namespace": "argocd",
            "pass_credentials": false,
            "postrender": [],
            "recreate_pods": false,
            "render_subchart_notes": true,
            "replace": false,
            "repository": "https://argoproj.github.io/argo-helm",
            "repository_ca_file": null,
            "repository_cert_file": null,
            "repository_key_file": null,
            "repository_password": null,
            "repository_username": null,
            "reset_values": false,
            "reuse_values": false,
            "set": [],
            "set_list": [],
            "set_sensitive": [],
            "skip_crds": false,
            "status": "deployed",
            "timeout": 300,
            "upgrade_install": null,
            "values": [
              "server:\r\n  service:\r\n    type: ClusterIP\r\n\r\n  ingress:\r\n    enabled: true\r\n    ingressClassName: nginx\r\n    hosts:\r\n      - argocd.yourdomain.com\r\n    tls:\r\n      - hosts:\r\n          - argocd.yourdomain.com\r\n        secretName: argocd-tls\r\n\r\nconfigs:\r\n  params:\r\n    server.insecure: false"
            ],
            "verify": false,
            "version": "9.4.17",
            "wait": true,
            "wait_for_jobs": false
          },
          "sensitive_attributes": [
            [
              {
                "type": "get_attr",
                "value": "repository_password"
              }
            ]
          ],
          "identity_schema_version": 0,
          "private": "eyJzY2hlbWFfdmVyc2lvbiI6IjEifQ==",
          "dependencies": [
            "azurerm_kubernetes_cluster.aks",
            "azurerm_resource_group.mtc-rg",
            "helm_release.nginx",
            "kubernetes_namespace.argocd",
            "kubernetes_namespace.ingress"
          ]
        }
      ]
    },
    {
      "mode": "managed",
      "type": "helm_release",
      "name": "cert_manager",
      "provider": "provider[\"registry.terraform.io/hashicorp/helm\"]",
      "instances": [
        {
          "schema_version": 1,
          "attributes": {
            "atomic": false,
            "chart": "cert-manager",
            "cleanup_on_fail": false,
            "create_namespace": true,
            "dependency_update": false,
            "description": null,
            "devel": null,
            "disable_crd_hooks": false,
            "disable_openapi_validation": false,
            "disable_webhooks": false,
            "force_update": false,
            "id": "cert-manager",
            "keyring": null,
            "lint": false,
            "manifest": null,
            "max_history": 0,
            "metadata": [
              {
                "app_version": "v1.20.1",
                "chart": "cert-manager",
                "first_deployed": 1775269088,
                "last_deployed": 1775269088,
                "name": "cert-manager",
                "namespace": "cert-manager",
                "notes": "\n⚠️  WARNING: `installCRDs` is deprecated, use `crds.enabled` instead.\ncert-manager v1.20.1 has been deployed successfully!\n\nIn order to begin issuing certificates, you will need to set up a ClusterIssuer\nor Issuer resource (for example, by creating a 'letsencrypt-staging' issuer).\n\nMore information on the different types of issuers and how to configure them\ncan be found in our documentation:\n\nhttps://cert-manager.io/docs/configuration/\n\nFor information on how to configure cert-manager to automatically provision\nCertificates for Ingress resources, take a look at the `ingress-shim`\ndocumentation:\n\nhttps://cert-manager.io/docs/usage/ingress/\n\nFor information on how to configure cert-manager to automatically provision\nCertificates for Gateway API resources, take a look at the `gateway resource`\ndocumentation:\n\nhttps://cert-manager.io/docs/usage/gateway/\n",
                "revision": 1,
                "values": "{\"global\":{\"leaderElection\":{\"namespace\":\"cert-manager\"}},\"installCRDs\":true}",
                "version": "v1.20.1"
              }
            ],
            "name": "cert-manager",
            "namespace": "cert-manager",
            "pass_credentials": false,
            "postrender": [],
            "recreate_pods": false,
            "render_subchart_notes": true,
            "replace": false,
            "repository": "https://charts.jetstack.io",
            "repository_ca_file": null,
            "repository_cert_file": null,
            "repository_key_file": null,
            "repository_password": null,
            "repository_username": null,
            "reset_values": false,
            "reuse_values": false,
            "set": [
              {
                "name": "installCRDs",
                "type": "",
                "value": "true"
              }
            ],
            "set_list": [],
            "set_sensitive": [],
            "skip_crds": false,
            "status": "deployed",
            "timeout": 300,
            "upgrade_install": null,
            "values": [
              "global:\r\n  leaderElection:\r\n    namespace: cert-manager"
            ],
            "verify": false,
            "version": "v1.20.1",
            "wait": true,
            "wait_for_jobs": false
          },
          "sensitive_attributes": [
            [
              {
                "type": "get_attr",
                "value": "repository_password"
              }
            ]
          ],
          "identity_schema_version": 0,
          "private": "eyJzY2hlbWFfdmVyc2lvbiI6IjEifQ==",
          "dependencies": [
            "azurerm_kubernetes_cluster.aks",
            "azurerm_resource_group.mtc-rg"
          ]
        }
      ]
    },
    {
      "mode": "managed",
      "type": "helm_release",
      "name": "nginx",
      "provider": "provider[\"registry.terraform.io/hashicorp/helm\"]",
      "instances": [
        {
          "schema_version": 1,
          "attributes": {
            "atomic": false,
            "chart": "ingress-nginx",
            "cleanup_on_fail": false,
            "create_namespace": false,
            "dependency_update": false,
            "description": null,
            "devel": null,
            "disable_crd_hooks": false,
            "disable_openapi_validation": false,
            "disable_webhooks": false,
            "force_update": false,
            "id": "nginx-ingress",
            "keyring": null,
            "lint": false,
            "manifest": null,
            "max_history": 0,
            "metadata": [
              {
                "app_version": "1.15.1",
                "chart": "ingress-nginx",
                "first_deployed": 1775269091,
                "last_deployed": 1775270027,
                "name": "nginx-ingress",
                "namespace": "ingress-nginx",
                "notes": "The ingress-nginx controller has been installed.\nIt may take a few minutes for the load balancer IP to be available.\nYou can watch the status by running 'kubectl get service --namespace ingress-nginx nginx-ingress-ingress-nginx-controller --output wide --watch'\n\nAn example Ingress that makes use of the controller:\n  apiVersion: networking.k8s.io/v1\n  kind: Ingress\n  metadata:\n    name: example\n    namespace: foo\n  spec:\n    ingressClassName: nginx\n    rules:\n      - host: www.example.com\n        http:\n          paths:\n            - pathType: Prefix\n              backend:\n                service:\n                  name: exampleService\n                  port:\n                    number: 80\n              path: /\n    # This section is only required if TLS is to be enabled for the Ingress\n    tls:\n      - hosts:\n        - www.example.com\n        secretName: example-tls\n\nIf TLS is enabled for the Ingress, a Secret containing the certificate and key must also be provided:\n\n  apiVersion: v1\n  kind: Secret\n  metadata:\n    name: example-tls\n    namespace: foo\n  data:\n    tls.crt: \u003cbase64 encoded cert\u003e\n    tls.key: \u003cbase64 encoded key\u003e\n  type: kubernetes.io/tls\n",
                "revision": 2,
                "values": "{\"controller\":{\"admissionWebhooks\":{\"enabled\":true,\"patch\":{\"enabled\":true}}}}",
                "version": "4.15.1"
              }
            ],
            "name": "nginx-ingress",
            "namespace": "ingress-nginx",
            "pass_credentials": false,
            "postrender": [],
            "recreate_pods": false,
            "render_subchart_notes": true,
            "replace": false,
            "repository": "https://kubernetes.github.io/ingress-nginx",
            "repository_ca_file": null,
            "repository_cert_file": null,
            "repository_key_file": null,
            "repository_password": null,
            "repository_username": null,
            "reset_values": false,
            "reuse_values": false,
            "set": [],
            "set_list": [],
            "set_sensitive": [],
            "skip_crds": false,
            "status": "deployed",
            "timeout": 300,
            "upgrade_install": null,
            "values": [
              "controller:\r\n  admissionWebhooks:\r\n    enabled: true\r\n    patch:\r\n      enabled: true"
            ],
            "verify": false,
            "version": "4.15.1",
            "wait": true,
            "wait_for_jobs": false
          },
          "sensitive_attributes": [
            [
              {
                "type": "get_attr",
                "value": "repository_password"
              }
            ]
          ],
          "identity_schema_version": 0,
          "private": "eyJzY2hlbWFfdmVyc2lvbiI6IjEifQ==",
          "dependencies": [
            "azurerm_kubernetes_cluster.aks",
            "azurerm_resource_group.mtc-rg",
            "kubernetes_namespace.ingress"
          ]
        }
      ]
    },
    {
      "mode": "managed",
      "type": "kubernetes_namespace",
      "name": "argocd",
      "provider": "provider[\"registry.terraform.io/hashicorp/kubernetes\"]",
      "instances": [
        {
          "schema_version": 0,
          "attributes": {
            "id": "argocd",
            "metadata": [
              {
                "annotations": {},
                "generate_name": "",
                "generation": 0,
                "labels": {},
                "name": "argocd",
                "resource_version": "1584",
                "uid": "5f926697-8a9f-4d90-9642-698f0a1e6f12"
              }
            ],
            "timeouts": null,
            "wait_for_default_service_account": false
          },
          "sensitive_attributes": [],
          "identity_schema_version": 1,
          "identity": {
            "api_version": "v1",
            "kind": "Namespace",
            "name": "argocd"
          },
          "private": "eyJlMmJmYjczMC1lY2FhLTExZTYtOGY4OC0zNDM2M2JjN2M0YzAiOnsiZGVsZXRlIjozMDAwMDAwMDAwMDB9fQ==",
          "dependencies": [
            "azurerm_kubernetes_cluster.aks",
            "azurerm_resource_group.mtc-rg"
          ]
        }
      ]
    },
    {
      "mode": "managed",
      "type": "kubernetes_namespace",
      "name": "ingress",
      "provider": "provider[\"registry.terraform.io/hashicorp/kubernetes\"]",
      "instances": [
        {
          "schema_version": 0,
          "attributes": {
            "id": "ingress-nginx",
            "metadata": [
              {
                "annotations": {},
                "generate_name": "",
                "generation": 0,
                "labels": {},
                "name": "ingress-nginx",
                "resource_version": "1581",
                "uid": "92d85b15-5b92-4721-bf39-52c28dd18d17"
              }
            ],
            "timeouts": null,
            "wait_for_default_service_account": false
          },
          "sensitive_attributes": [],
          "identity_schema_version": 1,
          "identity": {
            "api_version": "v1",
            "kind": "Namespace",
            "name": "ingress-nginx"
          },
          "private": "eyJlMmJmYjczMC1lY2FhLTExZTYtOGY4OC0zNDM2M2JjN2M0YzAiOnsiZGVsZXRlIjozMDAwMDAwMDAwMDB9fQ==",
          "dependencies": [
            "azurerm_kubernetes_cluster.aks",
            "azurerm_resource_group.mtc-rg"
          ]
        }
      ]
    }
  ],
  "check_results": null
}
